
Microsoft Visual Studio Solution File, Format Version 12.00
# Visual Studio Version 17
VisualStudioVersion = 17.11.35327.3
MinimumVisualStudioVersion = 10.0.40219.1
Project("{FAE04EC0-301F-11D3-BF4B-00C04F79EFBC}") = "GeradorDeSenhasC#", "GeradorDeSenhasC#\GeradorDeSenhasC#.csproj", "{70389A83-4863-4614-AC60-D8F5003793F7}"
EndProject
Global
	GlobalSection(SolutionConfigurationPlatforms) = preSolution
		Debug|Any CPU = Debug|Any CPU
		Release|Any CPU = Release|Any CPU
	EndGlobalSection
	GlobalSection(ProjectConfigurationPlatforms) = postSolution
		{70389A83-4863-4614-AC60-D8F5003793F7}.Debug|Any CPU.ActiveCfg = Debug|Any CPU
		{70389A83-4863-4614-AC60-D8F5003793F7}.Debug|Any CPU.Build.0 = Debug|Any CPU
		{70389A83-4863-4614-AC60-D8F5003793F7}.Release|Any CPU.ActiveCfg = Release|Any CPU
		{70389A83-4863-4614-AC60-D8F5003793F7}.Release|Any CPU.Build.0 = Release|Any CPU
	EndGlobalSection
	GlobalSection(SolutionProperties) = preSolution
		HideSolutionNode = FALSE
	EndGlobalSection
	GlobalSection(ExtensibilityGlobals) = postSolution
		SolutionGuid = {4E7D1561-FF86-4654-B378-54D4812D696F}
	EndGlobalSection
EndGlobal
